
Microsoft Visual Studio Solution File, Format Version 12.00
# Visual Studio 15
VisualStudioVersion = 15.0.28307.1231
MinimumVisualStudioVersion = 10.0.40219.1
Project("{FAE04EC0-301F-11D3-BF4B-00C04F79EFBC}") = "TouchPortalAPI", "TouchPortalAPI\TouchPortalAPI.csproj", "{CA6712FD-A9B2-4992-B0BE-5269E09A2ED1}"
EndProject
Project("{FAE04EC0-301F-11D3-BF4B-00C04F79EFBC}") = "TouchPortalAPI_Test", "TouchPortalAPI_Test\TouchPortalAPI_Test.csproj", "{1794A2C6-9767-4302-9E5B-011B9A91BAB0}"
EndProject
Global
	GlobalSection(SolutionConfigurationPlatforms) = preSolution
		Debug|Any CPU = Debug|Any CPU
		Release|Any CPU = Release|Any CPU
	EndGlobalSection
	GlobalSection(ProjectConfigurationPlatforms) = postSolution
		{CA6712FD-A9B2-4992-B0BE-5269E09A2ED1}.Debug|Any CPU.ActiveCfg = Debug|Any CPU
		{CA6712FD-A9B2-4992-B0BE-5269E09A2ED1}.Debug|Any CPU.Build.0 = Debug|Any CPU
		{CA6712FD-A9B2-4992-B0BE-5269E09A2ED1}.Release|Any CPU.ActiveCfg = Release|Any CPU
		{CA6712FD-A9B2-4992-B0BE-5269E09A2ED1}.Release|Any CPU.Build.0 = Release|Any CPU
		{1794A2C6-9767-4302-9E5B-011B9A91BAB0}.Debug|Any CPU.ActiveCfg = Debug|Any CPU
		{1794A2C6-9767-4302-9E5B-011B9A91BAB0}.Debug|Any CPU.Build.0 = Debug|Any CPU
		{1794A2C6-9767-4302-9E5B-011B9A91BAB0}.Release|Any CPU.ActiveCfg = Release|Any CPU
		{1794A2C6-9767-4302-9E5B-011B9A91BAB0}.Release|Any CPU.Build.0 = Release|Any CPU
	EndGlobalSection
	GlobalSection(SolutionProperties) = preSolution
		HideSolutionNode = FALSE
	EndGlobalSection
	GlobalSection(ExtensibilityGlobals) = postSolution
		SolutionGuid = {B9418BFE-8B1A-4953-A0A9-4C7B738737D2}
	EndGlobalSection
EndGlobal
